
Microsoft Visual Studio Solution File, Format Version 12.00
# Visual Studio 14
VisualStudioVersion = 14.0.25420.1
MinimumVisualStudioVersion = 10.0.40219.1
Project("{FAE04EC0-301F-11D3-BF4B-00C04F79EFBC}") = "RC4", "RC4\RC4.csproj", "{A9D3289A-9346-44F0-B9AA-8931BA3F6223}"
EndProject
Global
	GlobalSection(SolutionConfigurationPlatforms) = preSolution
		Debug|Any CPU = Debug|Any CPU
		Release|Any CPU = Release|Any CPU
	EndGlobalSection
	GlobalSection(ProjectConfigurationPlatforms) = postSolution
		{A9D3289A-9346-44F0-B9AA-8931BA3F6223}.Debug|Any CPU.ActiveCfg = Debug|Any CPU
		{A9D3289A-9346-44F0-B9AA-8931BA3F6223}.Debug|Any CPU.Build.0 = Debug|Any CPU
		{A9D3289A-9346-44F0-B9AA-8931BA3F6223}.Release|Any CPU.ActiveCfg = Release|Any CPU
		{A9D3289A-9346-44F0-B9AA-8931BA3F6223}.Release|Any CPU.Build.0 = Release|Any CPU
	EndGlobalSection
	GlobalSection(SolutionProperties) = preSolution
		HideSolutionNode = FALSE
	EndGlobalSection
EndGlobal
